
Microsoft Visual Studio Solution File, Format Version 12.00
# Visual Studio Version 17
VisualStudioVersion = 17.14.36811.4 d17.14
MinimumVisualStudioVersion = 10.0.40219.1
Project("{FAE04EC0-301F-11D3-BF4B-00C04F79EFBC}") = "WinTimer2", "WinTimer2\WinTimer2.csproj", "{E7C93AA1-93EA-4C33-B8B1-6DA26F236EF9}"
EndProject
Global
	GlobalSection(SolutionConfigurationPlatforms) = preSolution
		Debug|Any CPU = Debug|Any CPU
		Release|Any CPU = Release|Any CPU
	EndGlobalSection
	GlobalSection(ProjectConfigurationPlatforms) = postSolution
		{E7C93AA1-93EA-4C33-B8B1-6DA26F236EF9}.Debug|Any CPU.ActiveCfg = Debug|Any CPU
		{E7C93AA1-93EA-4C33-B8B1-6DA26F236EF9}.Debug|Any CPU.Build.0 = Debug|Any CPU
		{E7C93AA1-93EA-4C33-B8B1-6DA26F236EF9}.Release|Any CPU.ActiveCfg = Release|Any CPU
		{E7C93AA1-93EA-4C33-B8B1-6DA26F236EF9}.Release|Any CPU.Build.0 = Release|Any CPU
	EndGlobalSection
	GlobalSection(SolutionProperties) = preSolution
		HideSolutionNode = FALSE
	EndGlobalSection
	GlobalSection(ExtensibilityGlobals) = postSolution
		SolutionGuid = {7020EB37-4A56-43EA-A0C7-8657464065F1}
	EndGlobalSection
EndGlobal
